Microsoft Visual Studio Solution File, Format Version 12.00
# Visual Studio Version 17
VisualStudioVersion = 17.5.2.0
MinimumVisualStudioVersion = 10.0.40219.1
Project("{FAE04EC0-301F-11D3-BF4B-00C04F79EFBC}") = "Auction.Tests", "Auction.Tests.csproj", "{5FB1B3C9-B0DA-DB95-6CA4-87281C0AE0E4}"
EndProject
Global
	GlobalSection(SolutionConfigurationPlatforms) = preSolution
		Debug|Any CPU = Debug|Any CPU
		Release|Any CPU = Release|Any CPU
	EndGlobalSection
	GlobalSection(ProjectConfigurationPlatforms) = postSolution
		{5FB1B3C9-B0DA-DB95-6CA4-87281C0AE0E4}.Debug|Any CPU.ActiveCfg = Debug|Any CPU
		{5FB1B3C9-B0DA-DB95-6CA4-87281C0AE0E4}.Debug|Any CPU.Build.0 = Debug|Any CPU
		{5FB1B3C9-B0DA-DB95-6CA4-87281C0AE0E4}.Release|Any CPU.ActiveCfg = Release|Any CPU
		{5FB1B3C9-B0DA-DB95-6CA4-87281C0AE0E4}.Release|Any CPU.Build.0 = Release|Any CPU
	EndGlobalSection
	GlobalSection(SolutionProperties) = preSolution
		HideSolutionNode = FALSE
	EndGlobalSection
	GlobalSection(ExtensibilityGlobals) = postSolution
		SolutionGuid = {1809CCF5-E827-4FA2-852A-D1744F5DF66F}
	EndGlobalSection
EndGlobal
